
Microsoft Visual Studio Solution File, Format Version 12.00
# Visual Studio Version 17
VisualStudioVersion = 17.10.34928.147
MinimumVisualStudioVersion = 10.0.40219.1
Project("{FAE04EC0-301F-11D3-BF4B-00C04F79EFBC}") = "QuizMaster-Challenge", "Lab2\QuizMaster-Challenge.csproj", "{7A63CB70-B724-4C37-86C0-476C914E434D}"
EndProject
Global
	GlobalSection(SolutionConfigurationPlatforms) = preSolution
		Debug|Any CPU = Debug|Any CPU
		Release|Any CPU = Release|Any CPU
	EndGlobalSection
	GlobalSection(ProjectConfigurationPlatforms) = postSolution
		{7A63CB70-B724-4C37-86C0-476C914E434D}.Debug|Any CPU.ActiveCfg = Debug|Any CPU
		{7A63CB70-B724-4C37-86C0-476C914E434D}.Debug|Any CPU.Build.0 = Debug|Any CPU
		{7A63CB70-B724-4C37-86C0-476C914E434D}.Release|Any CPU.ActiveCfg = Release|Any CPU
		{7A63CB70-B724-4C37-86C0-476C914E434D}.Release|Any CPU.Build.0 = Release|Any CPU
	EndGlobalSection
	GlobalSection(SolutionProperties) = preSolution
		HideSolutionNode = FALSE
	EndGlobalSection
	GlobalSection(ExtensibilityGlobals) = postSolution
		SolutionGuid = {2842AFB9-9DF0-4258-9711-F41E70C53365}
	EndGlobalSection
EndGlobal
